// !$*UTF8*$!
{
	archiveVersion = 1;
	classes = {
	};
	objectVersion = 46;
	objects = {

/* Begin PBXBuildFile section */
		571598B21EC4753E0002E4D7 /* main.m in Sources */ = {isa = PBXBuildFile; fileRef = 571598B11EC4753E0002E4D7 /* main.m */; };
		571598B51EC4753E0002E4D7 /* AppDelegate.m in Sources */ = {isa = PBXBuildFile; fileRef = 571598B41EC4753E0002E4D7 /* AppDelegate.m */; };
		571598B81EC4753E0002E4D7 /* ViewController.m in Sources */ = {isa = PBXBuildFile; fileRef = 571598B71EC4753E0002E4D7 /* ViewController.m */; };
		571598BB1EC4753E0002E4D7 /* Main.storyboard in Resources */ = {isa = PBXBuildFile; fileRef = 571598B91EC4753E0002E4D7 /* Main.storyboard */; };
		571598BD1EC4753E0002E4D7 /* Assets.xcassets in Resources */ = {isa = PBXBuildFile; fileRef = 571598BC1EC4753E0002E4D7 /* Assets.xcassets */; };
		571598C01EC4753E0002E4D7 /* LaunchScreen.storyboard in Resources */ = {isa = PBXBuildFile; fileRef = 571598BE1EC4753E0002E4D7 /* LaunchScreen.storyboard */; };
		571598CB1EC4753E0002E4D7 /* GifPlayTests.m in Sources */ = {isa = PBXBuildFile; fileRef = 571598CA1EC4753E0002E4D7 /* GifPlayTests.m */; };
		571598D61EC4753E0002E4D7 /* GifPlayUITests.m in Sources */ = {isa = PBXBuildFile; fileRef = 571598D51EC4753E0002E4D7 /* GifPlayUITests.m */; };
		571598EB1EC476AD0002E4D7 /* fdgdf.gif in Resources */ = {isa = PBXBuildFile; fileRef = 571598EA1EC476AD0002E4D7 /* fdgdf.gif */; };
		571598ED1EC476B60002E4D7 /* google-io.gif in Resources */ = {isa = PBXBuildFile; fileRef = 571598EC1EC476B60002E4D7 /* google-io.gif */; };
		57159A021EC4807E0002E4D7 /* libz.tbd in Frameworks */ = {isa = PBXBuildFile; fileRef = 57159A011EC4807E0002E4D7 /* libz.tbd */; };
		57159A041EC4816E0002E4D7 /* niconiconi.gif in Resources */ = {isa = PBXBuildFile; fileRef = 57159A031EC4816E0002E4D7 /* niconiconi.gif */; };
		57159A101EC55CE70002E4D7 /* FLAnimatedImage.m in Sources */ = {isa = PBXBuildFile; fileRef = 57159A0D1EC55CE70002E4D7 /* FLAnimatedImage.m */; };
		57159A111EC55CE70002E4D7 /* FLAnimatedImageView.m in Sources */ = {isa = PBXBuildFile; fileRef = 57159A0F1EC55CE70002E4D7 /* FLAnimatedImageView.m */; };
		57159A151EC55D280002E4D7 /* GuideViewController.m in Sources */ = {isa = PBXBuildFile; fileRef = 57159A131EC55D280002E4D7 /* GuideViewController.m */; };
		57159A161EC55D280002E4D7 /* GuideViewController.xib in Resources */ = {isa = PBXBuildFile; fileRef = 57159A141EC55D280002E4D7 /* GuideViewController.xib */; };
		57159A1C1EC55F2D0002E4D7 /* GuidePage1.gif in Resources */ = {isa = PBXBuildFile; fileRef = 57159A171EC55F2D0002E4D7 /* GuidePage1.gif */; };
		57159A1D1EC55F2D0002E4D7 /* GuidePage2.gif in Resources */ = {isa = PBXBuildFile; fileRef = 57159A181EC55F2D0002E4D7 /* GuidePage2.gif */; };
		57159A1E1EC55F2D0002E4D7 /* GuidePage3.gif in Resources */ = {isa = PBXBuildFile; fileRef = 57159A191EC55F2D0002E4D7 /* GuidePage3.gif */; };
		57159A1F1EC55F2D0002E4D7 /* GuidePage4.gif in Resources */ = {isa = PBXBuildFile; fileRef = 57159A1A1EC55F2D0002E4D7 /* GuidePage4.gif */; };
		57159A201EC55F2D0002E4D7 /* GuidePage5.gif in Resources */ = {isa = PBXBuildFile; fileRef = 57159A1B1EC55F2D0002E4D7 /* GuidePage5.gif */; };
		57159A241EC57ABE0002E4D7 /* 引导页1.gif in Resources */ = {isa = PBXBuildFile; fileRef = 57159A211EC57ABE0002E4D7 /* 引导页1.gif */; };
		57159A251EC57ABE0002E4D7 /* 引导页2.gif in Resources */ = {isa = PBXBuildFile; fileRef = 57159A221EC57ABE0002E4D7 /* 引导页2.gif */; };
		57159A261EC57ABE0002E4D7 /* 引导页3.gif in Resources */ = {isa = PBXBuildFile; fileRef = 57159A231EC57ABE0002E4D7 /* 引导页3.gif */; };
		57159A2C1EC5A6710002E4D7 /* HomeViewController.m in Sources */ = {isa = PBXBuildFile; fileRef = 57159A2A1EC5A6710002E4D7 /* HomeViewController.m */; };
		57159A2D1EC5A6710002E4D7 /* HomeViewController.xib in Resources */ = {isa = PBXBuildFile; fileRef = 57159A2B1EC5A6710002E4D7 /* HomeViewController.xib */; };
/* End PBXBuildFile section */

/* Begin PBXContainerItemProxy section */
		571598C71EC4753E0002E4D7 /* PBXContainerItemProxy */ = {
			isa = PBXContainerItemProxy;
			containerPortal = 571598A51EC4753D0002E4D7 /* Project object */;
			proxyType = 1;
			remoteGlobalIDString = 571598AC1EC4753D0002E4D7;
			remoteInfo = GifPlay;
		};
		571598D21EC4753E0002E4D7 /* PBXContainerItemProxy */ = {
			isa = PBXContainerItemProxy;
			containerPortal = 571598A51EC4753D0002E4D7 /* Project object */;
			proxyType = 1;
			remoteGlobalIDString = 571598AC1EC4753D0002E4D7;
			remoteInfo = GifPlay;
		};
/* End PBXContainerItemProxy section */

/* Begin PBXFileReference section */
		571598AD1EC4753D0002E4D7 /* GifPlay.app */ = {isa = PBXFileReference; explicitFileType = wrapper.application; includeInIndex = 0; path = GifPlay.app; sourceTree = BUILT_PRODUCTS_DIR; };
		571598B11EC4753E0002E4D7 /* main.m */ = {isa = PBXFileReference; lastKnownFileType = sourcecode.c.objc; path = main.m; sourceTree = "<group>"; };
		571598B31EC4753E0002E4D7 /* AppDelegate.h */ = {isa = PBXFileReference; lastKnownFileType = sourcecode.c.h; path = AppDelegate.h; sourceTree = "<group>"; };
		571598B41EC4753E0002E4D7 /* AppDelegate.m */ = {isa = PBXFileReference; lastKnownFileType = sourcecode.c.objc; path = AppDelegate.m; sourceTree = "<group>"; };
		571598B61EC4753E0002E4D7 /* ViewController.h */ = {isa = PBXFileReference; lastKnownFileType = sourcecode.c.h; path = ViewController.h; sourceTree = "<group>"; };
		571598B71EC4753E0002E4D7 /* ViewController.m */ = {isa = PBXFileReference; lastKnownFileType = sourcecode.c.objc; path = ViewController.m; sourceTree = "<group>"; };
		571598BA1EC4753E0002E4D7 /* Base */ = {isa = PBXFileReference; lastKnownFileType = file.storyboard; name = Base; path = Base.lproj/Main.storyboard; sourceTree = "<group>"; };
		571598BC1EC4753E0002E4D7 /* Assets.xcassets */ = {isa = PBXFileReference; lastKnownFileType = folder.assetcatalog; path = Assets.xcassets; sourceTree = "<group>"; };
		571598BF1EC4753E0002E4D7 /* Base */ = {isa = PBXFileReference; lastKnownFileType = file.storyboard; name = Base; path = Base.lproj/LaunchScreen.storyboard; sourceTree = "<group>"; };
		571598C11EC4753E0002E4D7 /* Info.plist */ = {isa = PBXFileReference; lastKnownFileType = text.plist.xml; path = Info.plist; sourceTree = "<group>"; };
		571598C61EC4753E0002E4D7 /* GifPlayTests.xctest */ = {isa = PBXFileReference; explicitFileType = wrapper.cfbundle; includeInIndex = 0; path = GifPlayTests.xctest; sourceTree = BUILT_PRODUCTS_DIR; };
		571598CA1EC4753E0002E4D7 /* GifPlayTests.m */ = {isa = PBXFileReference; lastKnownFileType = sourcecode.c.objc; path = GifPlayTests.m; sourceTree = "<group>"; };
		571598CC1EC4753E0002E4D7 /* Info.plist */ = {isa = PBXFileReference; lastKnownFileType = text.plist.xml; path = Info.plist; sourceTree = "<group>"; };
		571598D11EC4753E0002E4D7 /* GifPlayUITests.xctest */ = {isa = PBXFileReference; explicitFileType = wrapper.cfbundle; includeInIndex = 0; path = GifPlayUITests.xctest; sourceTree = BUILT_PRODUCTS_DIR; };
		571598D51EC4753E0002E4D7 /* GifPlayUITests.m */ = {isa = PBXFileReference; lastKnownFileType = sourcecode.c.objc; path = GifPlayUITests.m; sourceTree = "<group>"; };
		571598D71EC4753E0002E4D7 /* Info.plist */ = {isa = PBXFileReference; lastKnownFileType = text.plist.xml; path = Info.plist; sourceTree = "<group>"; };
		571598EA1EC476AD0002E4D7 /* fdgdf.gif */ = {isa = PBXFileReference; lastKnownFileType = image.gif; path = fdgdf.gif; sourceTree = "<group>"; };
		571598EC1EC476B60002E4D7 /* google-io.gif */ = {isa = PBXFileReference; lastKnownFileType = image.gif; path = "google-io.gif"; sourceTree = "<group>"; };
		57159A011EC4807E0002E4D7 /* libz.tbd */ = {isa = PBXFileReference; lastKnownFileType = "sourcecode.text-based-dylib-definition"; name = libz.tbd; path = usr/lib/libz.tbd; sourceTree = SDKROOT; };
		57159A031EC4816E0002E4D7 /* niconiconi.gif */ = {isa = PBXFileReference; lastKnownFileType = image.gif; path = niconiconi.gif; sourceTree = "<group>"; };
		57159A0C1EC55CE70002E4D7 /* FLAnimatedImage.h */ = {isa = PBXFileReference; fileEncoding = 4; lastKnownFileType = sourcecode.c.h; path = FLAnimatedImage.h; sourceTree = "<group>"; };
		57159A0D1EC55CE70002E4D7 /* FLAnimatedImage.m */ = {isa = PBXFileReference; fileEncoding = 4; lastKnownFileType = sourcecode.c.objc; path = FLAnimatedImage.m; sourceTree = "<group>"; };
		57159A0E1EC55CE70002E4D7 /* FLAnimatedImageView.h */ = {isa = PBXFileReference; fileEncoding = 4; lastKnownFileType = sourcecode.c.h; path = FLAnimatedImageView.h; sourceTree = "<group>"; };
		57159A0F1EC55CE70002E4D7 /* FLAnimatedImageView.m */ = {isa = PBXFileReference; fileEncoding = 4; lastKnownFileType = sourcecode.c.objc; path = FLAnimatedImageView.m; sourceTree = "<group>"; };
		57159A121EC55D280002E4D7 /* GuideViewController.h */ = {isa = PBXFileReference; fileEncoding = 4; lastKnownFileType = sourcecode.c.h; path = GuideViewController.h; sourceTree = "<group>"; };
		57159A131EC55D280002E4D7 /* GuideViewController.m */ = {isa = PBXFileReference; fileEncoding = 4; lastKnownFileType = sourcecode.c.objc; path = GuideViewController.m; sourceTree = "<group>"; };
		57159A141EC55D280002E4D7 /* GuideViewController.xib */ = {isa = PBXFileReference; fileEncoding = 4; lastKnownFileType = file.xib; path = GuideViewController.xib; sourceTree = "<group>"; };
		57159A171EC55F2D0002E4D7 /* GuidePage1.gif */ = {isa = PBXFileReference; lastKnownFileType = image.gif; path = GuidePage1.gif; sourceTree = "<group>"; };
		57159A181EC55F2D0002E4D7 /* GuidePage2.gif */ = {isa = PBXFileReference; lastKnownFileType = image.gif; path = GuidePage2.gif; sourceTree = "<group>"; };
		57159A191EC55F2D0002E4D7 /* GuidePage3.gif */ = {isa = PBXFileReference; lastKnownFileType = image.gif; path = GuidePage3.gif; sourceTree = "<group>"; };
		57159A1A1EC55F2D0002E4D7 /* GuidePage4.gif */ = {isa = PBXFileReference; lastKnownFileType = image.gif; path = GuidePage4.gif; sourceTree = "<group>"; };
		57159A1B1EC55F2D0002E4D7 /* GuidePage5.gif */ = {isa = PBXFileReference; lastKnownFileType = image.gif; path = GuidePage5.gif; sourceTree = "<group>"; };
		57159A211EC57ABE0002E4D7 /* 引导页1.gif */ = {isa = PBXFileReference; lastKnownFileType = image.gif; path = "引导页1.gif"; sourceTree = "<group>"; };
		57159A221EC57ABE0002E4D7 /* 引导页2.gif */ = {isa = PBXFileReference; lastKnownFileType = image.gif; path = "引导页2.gif"; sourceTree = "<group>"; };
		57159A231EC57ABE0002E4D7 /* 引导页3.gif */ = {isa = PBXFileReference; lastKnownFileType = image.gif; path = "引导页3.gif"; sourceTree = "<group>"; };
		57159A291EC5A6710002E4D7 /* HomeViewController.h */ = {isa = PBXFileReference; fileEncoding = 4; lastKnownFileType = sourcecode.c.h; path = HomeViewController.h; sourceTree = "<group>"; };
		57159A2A1EC5A6710002E4D7 /* HomeViewController.m */ = {isa = PBXFileReference; fileEncoding = 4; lastKnownFileType = sourcecode.c.objc; path = HomeViewController.m; sourceTree = "<group>"; };
		57159A2B1EC5A6710002E4D7 /* HomeViewController.xib */ = {isa = PBXFileReference; fileEncoding = 4; lastKnownFileType = file.xib; path = HomeViewController.xib; sourceTree = "<group>"; };
/* End PBXFileReference section */

/* Begin PBXFrameworksBuildPhase section */
		571598AA1EC4753D0002E4D7 /* Frameworks */ = {
			isa = PBXFrameworksBuildPhase;
			buildActionMask = 2147483647;
			files = (
				57159A021EC4807E0002E4D7 /* libz.tbd in Frameworks */,
			);
			runOnlyForDeploymentPostprocessing = 0;
		};
		571598C31EC4753E0002E4D7 /* Frameworks */ = {
			isa = PBXFrameworksBuildPhase;
			buildActionMask = 2147483647;
			files = (
			);
			runOnlyForDeploymentPostprocessing = 0;
		};
		571598CE1EC4753E0002E4D7 /* Frameworks */ = {
			isa = PBXFrameworksBuildPhase;
			buildActionMask = 2147483647;
			files = (
			);
			runOnlyForDeploymentPostprocessing = 0;
		};
/* End PBXFrameworksBuildPhase section */

/* Begin PBXGroup section */
		571598A41EC4753D0002E4D7 = {
			isa = PBXGroup;
			children = (
				571598AF1EC4753D0002E4D7 /* GifPlay */,
				571598C91EC4753E0002E4D7 /* GifPlayTests */,
				571598D41EC4753E0002E4D7 /* GifPlayUITests */,
				571598AE1EC4753D0002E4D7 /* Products */,
				57159A001EC4807E0002E4D7 /* Frameworks */,
			);
			sourceTree = "<group>";
		};
		571598AE1EC4753D0002E4D7 /* Products */ = {
			isa = PBXGroup;
			children = (
				571598AD1EC4753D0002E4D7 /* GifPlay.app */,
				571598C61EC4753E0002E4D7 /* GifPlayTests.xctest */,
				571598D11EC4753E0002E4D7 /* GifPlayUITests.xctest */,
			);
			name = Products;
			sourceTree = "<group>";
		};
		571598AF1EC4753D0002E4D7 /* GifPlay */ = {
			isa = PBXGroup;
			children = (
				57159A0B1EC55CE70002E4D7 /* FLAnimatedImage */,
				571598B31EC4753E0002E4D7 /* AppDelegate.h */,
				571598B41EC4753E0002E4D7 /* AppDelegate.m */,
				571598B61EC4753E0002E4D7 /* ViewController.h */,
				571598B71EC4753E0002E4D7 /* ViewController.m */,
				57159A121EC55D280002E4D7 /* GuideViewController.h */,
				57159A131EC55D280002E4D7 /* GuideViewController.m */,
				57159A141EC55D280002E4D7 /* GuideViewController.xib */,
				57159A291EC5A6710002E4D7 /* HomeViewController.h */,
				57159A2A1EC5A6710002E4D7 /* HomeViewController.m */,
				57159A2B1EC5A6710002E4D7 /* HomeViewController.xib */,
				571598B91EC4753E0002E4D7 /* Main.storyboard */,
				571598BC1EC4753E0002E4D7 /* Assets.xcassets */,
				571598BE1EC4753E0002E4D7 /* LaunchScreen.storyboard */,
				571598C11EC4753E0002E4D7 /* Info.plist */,
				571598B01EC4753E0002E4D7 /* Supporting Files */,
			);
			path = GifPlay;
			sourceTree = "<group>";
		};
		571598B01EC4753E0002E4D7 /* Supporting Files */ = {
			isa = PBXGroup;
			children = (
				57159A171EC55F2D0002E4D7 /* GuidePage1.gif */,
				57159A181EC55F2D0002E4D7 /* GuidePage2.gif */,
				57159A191EC55F2D0002E4D7 /* GuidePage3.gif */,
				57159A1A1EC55F2D0002E4D7 /* GuidePage4.gif */,
				57159A1B1EC55F2D0002E4D7 /* GuidePage5.gif */,
				57159A211EC57ABE0002E4D7 /* 引导页1.gif */,
				57159A221EC57ABE0002E4D7 /* 引导页2.gif */,
				57159A231EC57ABE0002E4D7 /* 引导页3.gif */,
				571598EC1EC476B60002E4D7 /* google-io.gif */,
				571598EA1EC476AD0002E4D7 /* fdgdf.gif */,
				57159A031EC4816E0002E4D7 /* niconiconi.gif */,
				571598B11EC4753E0002E4D7 /* main.m */,
			);
			name = "Supporting Files";
			sourceTree = "<group>";
		};
		571598C91EC4753E0002E4D7 /* GifPlayTests */ = {
			isa = PBXGroup;
			children = (
				571598CA1EC4753E0002E4D7 /* GifPlayTests.m */,
				571598CC1EC4753E0002E4D7 /* Info.plist */,
			);
			path = GifPlayTests;
			sourceTree = "<group>";
		};
		571598D41EC4753E0002E4D7 /* GifPlayUITests */ = {
			isa = PBXGroup;
			children = (
				571598D51EC4753E0002E4D7 /* GifPlayUITests.m */,
				571598D71EC4753E0002E4D7 /* Info.plist */,
			);
			path = GifPlayUITests;
			sourceTree = "<group>";
		};
		57159A001EC4807E0002E4D7 /* Frameworks */ = {
			isa = PBXGroup;
			children = (
				57159A011EC4807E0002E4D7 /* libz.tbd */,
			);
			name = Frameworks;
			sourceTree = "<group>";
		};
		57159A0B1EC55CE70002E4D7 /* FLAnimatedImage */ = {
			isa = PBXGroup;
			children = (
				57159A0C1EC55CE70002E4D7 /* FLAnimatedImage.h */,
				57159A0D1EC55CE70002E4D7 /* FLAnimatedImage.m */,
				57159A0E1EC55CE70002E4D7 /* FLAnimatedImageView.h */,
				57159A0F1EC55CE70002E4D7 /* FLAnimatedImageView.m */,
			);
			path = FLAnimatedImage;
			sourceTree = "<group>";
		};
/* End PBXGroup section */

/* Begin PBXNativeTarget section */
		571598AC1EC4753D0002E4D7 /* GifPlay */ = {
			isa = PBXNativeTarget;
			buildConfigurationList = 571598DA1EC4753E0002E4D7 /* Build configuration list for PBXNativeTarget "GifPlay" */;
			buildPhases = (
				571598A91EC4753D0002E4D7 /* Sources */,
				571598AA1EC4753D0002E4D7 /* Frameworks */,
				571598AB1EC4753D0002E4D7 /* Resources */,
			);
			buildRules = (
			);
			dependencies = (
			);
			name = GifPlay;
			productName = GifPlay;
			productReference = 571598AD1EC4753D0002E4D7 /* GifPlay.app */;
			productType = "com.apple.product-type.application";
		};
		571598C51EC4753E0002E4D7 /* GifPlayTests */ = {
			isa = PBXNativeTarget;
			buildConfigurationList = 571598DD1EC4753E0002E4D7 /* Build configuration list for PBXNativeTarget "GifPlayTests" */;
			buildPhases = (
				571598C21EC4753E0002E4D7 /* Sources */,
				571598C31EC4753E0002E4D7 /* Frameworks */,
				571598C41EC4753E0002E4D7 /* Resources */,
			);
			buildRules = (
			);
			dependencies = (
				571598C81EC4753E0002E4D7 /* PBXTargetDependency */,
			);
			name = GifPlayTests;
			productName = GifPlayTests;
			productReference = 571598C61EC4753E0002E4D7 /* GifPlayTests.xctest */;
			productType = "com.apple.product-type.bundle.unit-test";
		};
		571598D01EC4753E0002E4D7 /* GifPlayUITests */ = {
			isa = PBXNativeTarget;
			buildConfigurationList = 571598E01EC4753E0002E4D7 /* Build configuration list for PBXNativeTarget "GifPlayUITests" */;
			buildPhases = (
				571598CD1EC4753E0002E4D7 /* Sources */,
				571598CE1EC4753E0002E4D7 /* Frameworks */,
				571598CF1EC4753E0002E4D7 /* Resources */,
			);
			buildRules = (
			);
			dependencies = (
				571598D31EC4753E0002E4D7 /* PBXTargetDependency */,
			);
			name = GifPlayUITests;
			productName = GifPlayUITests;
			productReference = 571598D11EC4753E0002E4D7 /* GifPlayUITests.xctest */;
			productType = "com.apple.product-type.bundle.ui-testing";
		};
/* End PBXNativeTarget section */

/* Begin PBXProject section */
		571598A51EC4753D0002E4D7 /* Project object */ = {
			isa = PBXProject;
			attributes = {
				LastUpgradeCheck = 0830;
				ORGANIZATIONNAME = FelixKong;
				TargetAttributes = {
					571598AC1EC4753D0002E4D7 = {
						CreatedOnToolsVersion = 8.3.2;
						DevelopmentTeam = H29WF3H8NT;
						ProvisioningStyle = Automatic;
					};
					571598C51EC4753E0002E4D7 = {
						CreatedOnToolsVersion = 8.3.2;
						ProvisioningStyle = Automatic;
						TestTargetID = 571598AC1EC4753D0002E4D7;
					};
					571598D01EC4753E0002E4D7 = {
						CreatedOnToolsVersion = 8.3.2;
						ProvisioningStyle = Automatic;
						TestTargetID = 571598AC1EC4753D0002E4D7;
					};
				};
			};
			buildConfigurationList = 571598A81EC4753D0002E4D7 /* Build configuration list for PBXProject "GifPlay" */;
			compatibilityVersion = "Xcode 3.2";
			developmentRegion = English;
			hasScannedForEncodings = 0;
			knownRegions = (
				en,
				Base,
			);
			mainGroup = 571598A41EC4753D0002E4D7;
			productRefGroup = 571598AE1EC4753D0002E4D7 /* Products */;
			projectDirPath = "";
			projectRoot = "";
			targets = (
				571598AC1EC4753D0002E4D7 /* GifPlay */,
				571598C51EC4753E0002E4D7 /* GifPlayTests */,
				571598D01EC4753E0002E4D7 /* GifPlayUITests */,
			);
		};
/* End PBXProject section */

/* Begin PBXResourcesBuildPhase section */
		571598AB1EC4753D0002E4D7 /* Resources */ = {
			isa = PBXResourcesBuildPhase;
			buildActionMask = 2147483647;
			files = (
				571598EB1EC476AD0002E4D7 /* fdgdf.gif in Resources */,
				57159A251EC57ABE0002E4D7 /* 引导页2.gif in Resources */,
				57159A1D1EC55F2D0002E4D7 /* GuidePage2.gif in Resources */,
				57159A161EC55D280002E4D7 /* GuideViewController.xib in Resources */,
				57159A261EC57ABE0002E4D7 /* 引导页3.gif in Resources */,
				571598C01EC4753E0002E4D7 /* LaunchScreen.storyboard in Resources */,
				57159A1E1EC55F2D0002E4D7 /* GuidePage3.gif in Resources */,
				57159A241EC57ABE0002E4D7 /* 引导页1.gif in Resources */,
				57159A041EC4816E0002E4D7 /* niconiconi.gif in Resources */,
				57159A1F1EC55F2D0002E4D7 /* GuidePage4.gif in Resources */,
				571598BD1EC4753E0002E4D7 /* Assets.xcassets in Resources */,
				571598ED1EC476B60002E4D7 /* google-io.gif in Resources */,
				57159A2D1EC5A6710002E4D7 /* HomeViewController.xib in Resources */,
				57159A1C1EC55F2D0002E4D7 /* GuidePage1.gif in Resources */,
				57159A201EC55F2D0002E4D7 /* GuidePage5.gif in Resources */,
				571598BB1EC4753E0002E4D7 /* Main.storyboard in Resources */,
			);
			runOnlyForDeploymentPostprocessing = 0;
		};
		571598C41EC4753E0002E4D7 /* Resources */ = {
			isa = PBXResourcesBuildPhase;
			buildActionMask = 2147483647;
			files = (
			);
			runOnlyForDeploymentPostprocessing = 0;
		};
		571598CF1EC4753E0002E4D7 /* Resources */ = {
			isa = PBXResourcesBuildPhase;
			buildActionMask = 2147483647;
			files = (
			);
			runOnlyForDeploymentPostprocessing = 0;
		};
/* End PBXResourcesBuildPhase section */

/* Begin PBXSourcesBuildPhase section */
		571598A91EC4753D0002E4D7 /* Sources */ = {
			isa = PBXSourcesBuildPhase;
			buildActionMask = 2147483647;
			files = (
				571598B81EC4753E0002E4D7 /* ViewController.m in Sources */,
				57159A151EC55D280002E4D7 /* GuideViewController.m in Sources */,
				571598B51EC4753E0002E4D7 /* AppDelegate.m in Sources */,
				57159A111EC55CE70002E4D7 /* FLAnimatedImageView.m in Sources */,
				571598B21EC4753E0002E4D7 /* main.m in Sources */,
				57159A2C1EC5A6710002E4D7 /* HomeViewController.m in Sources */,
				57159A101EC55CE70002E4D7 /* FLAnimatedImage.m in Sources */,
			);
			runOnlyForDeploymentPostprocessing = 0;
		};
		571598C21EC4753E0002E4D7 /* Sources */ = {
			isa = PBXSourcesBuildPhase;
			buildActionMask = 2147483647;
			files = (
				571598CB1EC4753E0002E4D7 /* GifPlayTests.m in Sources */,
			);
			runOnlyForDeploymentPostprocessing = 0;
		};
		571598CD1EC4753E0002E4D7 /* Sources */ = {
			isa = PBXSourcesBuildPhase;
			buildActionMask = 2147483647;
			files = (
				571598D61EC4753E0002E4D7 /* GifPlayUITests.m in Sources */,
			);
			runOnlyForDeploymentPostprocessing = 0;
		};
/* End PBXSourcesBuildPhase section */

/* Begin PBXTargetDependency section */
		571598C81EC4753E0002E4D7 /* PBXTargetDependency */ = {
			isa = PBXTargetDependency;
			target = 571598AC1EC4753D0002E4D7 /* GifPlay */;
			targetProxy = 571598C71EC4753E0002E4D7 /* PBXContainerItemProxy */;
		};
		571598D31EC4753E0002E4D7 /* PBXTargetDependency */ = {
			isa = PBXTargetDependency;
			target = 571598AC1EC4753D0002E4D7 /* GifPlay */;
			targetProxy = 571598D21EC4753E0002E4D7 /* PBXContainerItemProxy */;
		};
/* End PBXTargetDependency section */

/* Begin PBXVariantGroup section */
		571598B91EC4753E0002E4D7 /* Main.storyboard */ = {
			isa = PBXVariantGroup;
			children = (
				571598BA1EC4753E0002E4D7 /* Base */,
			);
			name = Main.storyboard;
			sourceTree = "<group>";
		};
		571598BE1EC4753E0002E4D7 /* LaunchScreen.storyboard */ = {
			isa = PBXVariantGroup;
			children = (
				571598BF1EC4753E0002E4D7 /* Base */,
			);
			name = LaunchScreen.storyboard;
			sourceTree = "<group>";
		};
/* End PBXVariantGroup section */

/* Begin XCBuildConfiguration section */
		571598D81EC4753E0002E4D7 /* Debug */ = {
			isa = XCBuildConfiguration;
			buildSettings = {
				ALWAYS_SEARCH_USER_PATHS = NO;
				CLANG_ANALYZER_NONNULL = YES;
				CLANG_ANALYZER_NUMBER_OBJECT_CONVERSION = YES_AGGRESSIVE;
				CLANG_CXX_LANGUAGE_STANDARD = "gnu++0x";
				CLANG_CXX_LIBRARY = "libc++";
				CLANG_ENABLE_MODULES = YES;
				CLANG_ENABLE_OBJC_ARC = YES;
				CLANG_WARN_BOOL_CONVERSION = YES;
				CLANG_WARN_CONSTANT_CONVERSION = YES;
				CLANG_WARN_DIRECT_OBJC_ISA_USAGE = YES_ERROR;
				CLANG_WARN_DOCUMENTATION_COMMENTS = YES;
				CLANG_WARN_EMPTY_BODY = YES;
				CLANG_WARN_ENUM_CONVERSION = YES;
				CLANG_WARN_INFINITE_RECURSION = YES;
				CLANG_WARN_INT_CONVERSION = YES;
				CLANG_WARN_OBJC_ROOT_CLASS = YES_ERROR;
				CLANG_WARN_SUSPICIOUS_MOVE = YES;
				CLANG_WARN_UNREACHABLE_CODE = YES;
				CLANG_WARN__DUPLICATE_METHOD_MATCH = YES;
				"CODE_SIGN_IDENTITY[sdk=iphoneos*]" = "iPhone Developer";
				COPY_PHASE_STRIP = NO;
				DEBUG_INFORMATION_FORMAT = dwarf;
				ENABLE_STRICT_OBJC_MSGSEND = YES;
				ENABLE_TESTABILITY = YES;
				GCC_C_LANGUAGE_STANDARD = gnu99;
				GCC_DYNAMIC_NO_PIC = NO;
				GCC_NO_COMMON_BLOCKS = YES;
				GCC_OPTIMIZATION_LEVEL = 0;
				GCC_PREPROCESSOR_DEFINITIONS = (
					"DEBUG=1",
					"$(inherited)",
				);
				GCC_WARN_64_TO_32_BIT_CONVERSION = YES;
				GCC_WARN_ABOUT_RETURN_TYPE = YES_ERROR;
				GCC_WARN_UNDECLARED_SELECTOR = YES;
				GCC_WARN_UNINITIALIZED_AUTOS = YES_AGGRESSIVE;
				GCC_WARN_UNUSED_FUNCTION = YES;
				GCC_WARN_UNUSED_VARIABLE = YES;
				IPHONEOS_DEPLOYMENT_TARGET = 10.3;
				MTL_ENABLE_DEBUG_INFO = YES;
				ONLY_ACTIVE_ARCH = YES;
				SDKROOT = iphoneos;
			};
			name = Debug;
		};
		571598D91EC4753E0002E4D7 /* Release */ = {
			isa = XCBuildConfiguration;
			buildSettings = {
				ALWAYS_SEARCH_USER_PATHS = NO;
				CLANG_ANALYZER_NONNULL = YES;
				CLANG_ANALYZER_NUMBER_OBJECT_CONVERSION = YES_AGGRESSIVE;
				CLANG_CXX_LANGUAGE_STANDARD = "gnu++0x";
				CLANG_CXX_LIBRARY = "libc++";
				CLANG_ENABLE_MODULES = YES;
				CLANG_ENABLE_OBJC_ARC = YES;
				CLANG_WARN_BOOL_CONVERSION = YES;
				CLANG_WARN_CONSTANT_CONVERSION = YES;
				CLANG_WARN_DIRECT_OBJC_ISA_USAGE = YES_ERROR;
				CLANG_WARN_DOCUMENTATION_COMMENTS = YES;
				CLANG_WARN_EMPTY_BODY = YES;
				CLANG_WARN_ENUM_CONVERSION = YES;
				CLANG_WARN_INFINITE_RECURSION = YES;
				CLANG_WARN_INT_CONVERSION = YES;
				CLANG_WARN_OBJC_ROOT_CLASS = YES_ERROR;
				CLANG_WARN_SUSPICIOUS_MOVE = YES;
				CLANG_WARN_UNREACHABLE_CODE = YES;
				CLANG_WARN__DUPLICATE_METHOD_MATCH = YES;
				"CODE_SIGN_IDENTITY[sdk=iphoneos*]" = "iPhone Developer";
				COPY_PHASE_STRIP = NO;
				DEBUG_INFORMATION_FORMAT = "dwarf-with-dsym";
				ENABLE_NS_ASSERTIONS = NO;
				ENABLE_STRICT_OBJC_MSGSEND = YES;
				GCC_C_LANGUAGE_STANDARD = gnu99;
				GCC_NO_COMMON_BLOCKS = YES;
				GCC_WARN_64_TO_32_BIT_CONVERSION = YES;
				GCC_WARN_ABOUT_RETURN_TYPE = YES_ERROR;
				GCC_WARN_UNDECLARED_SELECTOR = YES;
				GCC_WARN_UNINITIALIZED_AUTOS = YES_AGGRESSIVE;
				GCC_WARN_UNUSED_FUNCTION = YES;
				GCC_WARN_UNUSED_VARIABLE = YES;
				IPHONEOS_DEPLOYMENT_TARGET = 10.3;
				MTL_ENABLE_DEBUG_INFO = NO;
				SDKROOT = iphoneos;
				VALIDATE_PRODUCT = YES;
			};
			name = Release;
		};
		571598DB1EC4753E0002E4D7 /* Debug */ = {
			isa = XCBuildConfiguration;
			buildSettings = {
				ASSETCATALOG_COMPILER_APPICON_NAME = AppIcon;
				DEVELOPMENT_TEAM = H29WF3H8NT;
				INFOPLIST_FILE = GifPlay/Info.plist;
				IPHONEOS_DEPLOYMENT_TARGET = 10.1;
				LD_RUNPATH_SEARCH_PATHS = "$(inherited) @executable_path/Frameworks";
				PRODUCT_BUNDLE_IDENTIFIER = FelixKong.GifPlay;
				PRODUCT_NAME = "$(TARGET_NAME)";
			};
			name = Debug;
		};
		571598DC1EC4753E0002E4D7 /* Release */ = {
			isa = XCBuildConfiguration;
			buildSettings = {
				ASSETCATALOG_COMPILER_APPICON_NAME = AppIcon;
				DEVELOPMENT_TEAM = H29WF3H8NT;
				INFOPLIST_FILE = GifPlay/Info.plist;
				IPHONEOS_DEPLOYMENT_TARGET = 10.1;
				LD_RUNPATH_SEARCH_PATHS = "$(inherited) @executable_path/Frameworks";
				PRODUCT_BUNDLE_IDENTIFIER = FelixKong.GifPlay;
				PRODUCT_NAME = "$(TARGET_NAME)";
			};
			name = Release;
		};
		571598DE1EC4753E0002E4D7 /* Debug */ = {
			isa = XCBuildConfiguration;
			buildSettings = {
				BUNDLE_LOADER = "$(TEST_HOST)";
				INFOPLIST_FILE = GifPlayTests/Info.plist;
				LD_RUNPATH_SEARCH_PATHS = "$(inherited) @executable_path/Frameworks @loader_path/Frameworks";
				PRODUCT_BUNDLE_IDENTIFIER = FelixKong.GifPlayTests;
				PRODUCT_NAME = "$(TARGET_NAME)";
				TEST_HOST = "$(BUILT_PRODUCTS_DIR)/GifPlay.app/GifPlay";
			};
			name = Debug;
		};
		571598DF1EC4753E0002E4D7 /* Release */ = {
			isa = XCBuildConfiguration;
			buildSettings = {
				BUNDLE_LOADER = "$(TEST_HOST)";
				INFOPLIST_FILE = GifPlayTests/Info.plist;
				LD_RUNPATH_SEARCH_PATHS = "$(inherited) @executable_path/Frameworks @loader_path/Frameworks";
				PRODUCT_BUNDLE_IDENTIFIER = FelixKong.GifPlayTests;
				PRODUCT_NAME = "$(TARGET_NAME)";
				TEST_HOST = "$(BUILT_PRODUCTS_DIR)/GifPlay.app/GifPlay";
			};
			name = Release;
		};
		571598E11EC4753E0002E4D7 /* Debug */ = {
			isa = XCBuildConfiguration;
			buildSettings = {
				INFOPLIST_FILE = GifPlayUITests/Info.plist;
				LD_RUNPATH_SEARCH_PATHS = "$(inherited) @executable_path/Frameworks @loader_path/Frameworks";
				PRODUCT_BUNDLE_IDENTIFIER = FelixKong.GifPlayUITests;
				PRODUCT_NAME = "$(TARGET_NAME)";
				TEST_TARGET_NAME = GifPlay;
			};
			name = Debug;
		};
		571598E21EC4753E0002E4D7 /* Release */ = {
			isa = XCBuildConfiguration;
			buildSettings = {
				INFOPLIST_FILE = GifPlayUITests/Info.plist;
				LD_RUNPATH_SEARCH_PATHS = "$(inherited) @executable_path/Frameworks @loader_path/Frameworks";
				PRODUCT_BUNDLE_IDENTIFIER = FelixKong.GifPlayUITests;
				PRODUCT_NAME = "$(TARGET_NAME)";
				TEST_TARGET_NAME = GifPlay;
			};
			name = Release;
		};
/* End XCBuildConfiguration section */

/* Begin XCConfigurationList section */
		571598A81EC4753D0002E4D7 /* Build configuration list for PBXProject "GifPlay" */ = {
			isa = XCConfigurationList;
			buildConfigurations = (
				571598D81EC4753E0002E4D7 /* Debug */,
				571598D91EC4753E0002E4D7 /* Release */,
			);
			defaultConfigurationIsVisible = 0;
			defaultConfigurationName = Release;
		};
		571598DA1EC4753E0002E4D7 /* Build configuration list for PBXNativeTarget "GifPlay" */ = {
			isa = XCConfigurationList;
			buildConfigurations = (
				571598DB1EC4753E0002E4D7 /* Debug */,
				571598DC1EC4753E0002E4D7 /* Release */,
			);
			defaultConfigurationIsVisible = 0;
			defaultConfigurationName = Release;
		};
		571598DD1EC4753E0002E4D7 /* Build configuration list for PBXNativeTarget "GifPlayTests" */ = {
			isa = XCConfigurationList;
			buildConfigurations = (
				571598DE1EC4753E0002E4D7 /* Debug */,
				571598DF1EC4753E0002E4D7 /* Release */,
			);
			defaultConfigurationIsVisible = 0;
			defaultConfigurationName = Release;
		};
		571598E01EC4753E0002E4D7 /* Build configuration list for PBXNativeTarget "GifPlayUITests" */ = {
			isa = XCConfigurationList;
			buildConfigurations = (
				571598E11EC4753E0002E4D7 /* Debug */,
				571598E21EC4753E0002E4D7 /* Release */,
			);
			defaultConfigurationIsVisible = 0;
			defaultConfigurationName = Release;
		};
/* End XCConfigurationList section */
	};
	rootObject = 571598A51EC4753D0002E4D7 /* Project object */;
}
